Microsoft Visual Studio Solution File, Format Version 12.00
# Visual Studio Version 17
VisualStudioVersion = 17.11.35327.3
MinimumVisualStudioVersion = 10.0.40219.1
Project("{9A19103F-16F7-4668-BE54-9A1E7A4F7556}") = "ReadHeavyCollections", "ReadHeavyCollections\ReadHeavyCollections.csproj", "{45A56206-37AA-40E7-AAC3-3325758CF260}"
EndProject
Project("{9A19103F-16F7-4668-BE54-9A1E7A4F7556}") = "Benchmarks", "Benchmarks\Benchmarks.csproj", "{A89BD705-2733-4CB3-A03F-84A15D8BE655}"
EndProject
Project("{2150E333-8FDC-42A3-9474-1A3956D46DE8}") = "Solution Items", "Solution Items", "{DC091F3C-5E45-492A-B916-545D1D3FD4ED}"
	ProjectSection(SolutionItems) = preProject
		Directory.Build.props = Directory.Build.props
		Directory.Packages.props = Directory.Packages.props
		Versions.props = Versions.props
	EndProjectSection
EndProject
Global
	GlobalSection(SolutionConfigurationPlatforms) = preSolution
		Debug|Any CPU = Debug|Any CPU
		Release|Any CPU = Release|Any CPU
	EndGlobalSection
	GlobalSection(ProjectConfigurationPlatforms) = postSolution
		{45A56206-37AA-40E7-AAC3-3325758CF260}.Debug|Any CPU.ActiveCfg = Debug|Any CPU
		{45A56206-37AA-40E7-AAC3-3325758CF260}.Debug|Any CPU.Build.0 = Debug|Any CPU
		{45A56206-37AA-40E7-AAC3-3325758CF260}.Release|Any CPU.ActiveCfg = Release|Any CPU
		{45A56206-37AA-40E7-AAC3-3325758CF260}.Release|Any CPU.Build.0 = Release|Any CPU
		{A89BD705-2733-4CB3-A03F-84A15D8BE655}.Debug|Any CPU.ActiveCfg = Debug|Any CPU
		{A89BD705-2733-4CB3-A03F-84A15D8BE655}.Debug|Any CPU.Build.0 = Debug|Any CPU
		{A89BD705-2733-4CB3-A03F-84A15D8BE655}.Release|Any CPU.ActiveCfg = Release|Any CPU
		{A89BD705-2733-4CB3-A03F-84A15D8BE655}.Release|Any CPU.Build.0 = Release|Any CPU
	EndGlobalSection
	GlobalSection(SolutionProperties) = preSolution
		HideSolutionNode = FALSE
	EndGlobalSection
	GlobalSection(ExtensibilityGlobals) = postSolution
		SolutionGuid = {28008BED-BA68-40E4-B3B0-1266A4DB3530}
	EndGlobalSection
EndGlobal
