<Solution>
  <Folder Name="/Solution Items/">
    <File Path=".github/workflows/dotnet.yml" />
    <File Path="Directory.Build.props" />
    <File Path="Directory.Packages.props" />
    <File Path="global.json" />
    <File Path="Versions.props" />
  </Folder>
  <Project Path="Benchmarks/Benchmarks.csproj" />
  <Project Path="ReadHeavyCollections.Tests/ReadHeavyCollections.Tests.csproj" />
  <Project Path="ReadHeavyCollections/ReadHeavyCollections.csproj" />
</Solution>
